
Microsoft Visual Studio Solution File, Format Version 12.00
# Visual Studio Version 17
VisualStudioVersion = 17.11.35222.181
MinimumVisualStudioVersion = 10.0.40219.1
Project("{FAE04EC0-301F-11D3-BF4B-00C04F79EFBC}") = "MyApp", "MyApp\MyApp.csproj", "{B735C4B0-1F74-401B-871C-B8A88A35BBCE}"
EndProject
Global
	GlobalSection(SolutionConfigurationPlatforms) = preSolution
		Debug|Any CPU = Debug|Any CPU
		Release|Any CPU = Release|Any CPU
	EndGlobalSection
	GlobalSection(ProjectConfigurationPlatforms) = postSolution
		{B735C4B0-1F74-401B-871C-B8A88A35BBCE}.Debug|Any CPU.ActiveCfg = Debug|Any CPU
		{B735C4B0-1F74-401B-871C-B8A88A35BBCE}.Debug|Any CPU.Build.0 = Debug|Any CPU
		{B735C4B0-1F74-401B-871C-B8A88A35BBCE}.Release|Any CPU.ActiveCfg = Release|Any CPU
		{B735C4B0-1F74-401B-871C-B8A88A35BBCE}.Release|Any CPU.Build.0 = Release|Any CPU
	EndGlobalSection
	GlobalSection(SolutionProperties) = preSolution
		HideSolutionNode = FALSE
	EndGlobalSection
	GlobalSection(ExtensibilityGlobals) = postSolution
		SolutionGuid = {B2DC5FD1-5754-4FB4-A4D3-185D90B73B18}
	EndGlobalSection
EndGlobal
